
Microsoft Visual Studio Solution File, Format Version 12.00
# Visual Studio Version 17
VisualStudioVersion = 17.8.34112.27
MinimumVisualStudioVersion = 10.0.40219.1
Project("{8BC9CEB8-8B4A-11D0-8D11-00A0C91BC942}") = "Kata Palindrome", "Kata Palindrome\Kata Palindrome.vcxproj", "{ED1BA945-DFE6-49E8-AE11-3C77D1714D89}"
EndProject
Global
	GlobalSection(SolutionConfigurationPlatforms) = preSolution
		Debug|x64 = Debug|x64
		Debug|x86 = Debug|x86
		Release|x64 = Release|x64
		Release|x86 = Release|x86
	EndGlobalSection
	GlobalSection(ProjectConfigurationPlatforms) = postSolution
		{ED1BA945-DFE6-49E8-AE11-3C77D1714D89}.Debug|x64.ActiveCfg = Debug|x64
		{ED1BA945-DFE6-49E8-AE11-3C77D1714D89}.Debug|x64.Build.0 = Debug|x64
		{ED1BA945-DFE6-49E8-AE11-3C77D1714D89}.Debug|x86.ActiveCfg = Debug|Win32
		{ED1BA945-DFE6-49E8-AE11-3C77D1714D89}.Debug|x86.Build.0 = Debug|Win32
		{ED1BA945-DFE6-49E8-AE11-3C77D1714D89}.Release|x64.ActiveCfg = Release|x64
		{ED1BA945-DFE6-49E8-AE11-3C77D1714D89}.Release|x64.Build.0 = Release|x64
		{ED1BA945-DFE6-49E8-AE11-3C77D1714D89}.Release|x86.ActiveCfg = Release|Win32
		{ED1BA945-DFE6-49E8-AE11-3C77D1714D89}.Release|x86.Build.0 = Release|Win32
	EndGlobalSection
	GlobalSection(SolutionProperties) = preSolution
		HideSolutionNode = FALSE
	EndGlobalSection
	GlobalSection(ExtensibilityGlobals) = postSolution
		SolutionGuid = {25B3DC0A-81E0-4C31-9688-EF662C3855CB}
	EndGlobalSection
EndGlobal
